
Microsoft Visual Studio Solution File, Format Version 12.00
# Visual Studio 2013
VisualStudioVersion = 12.0.31101.0
MinimumVisualStudioVersion = 10.0.40219.1
Project("{2150E333-8FDC-42A3-9474-1A3956D46DE8}") = "NativeApps", "NativeApps", "{036E60CE-E20D-44E4-AD71-7F783AE37BDF}"
EndProject
Project("{FAE04EC0-301F-11D3-BF4B-00C04F79EFBC}") = "PracticalXamarin.NativeApps.iOS", "PracticalXamarin.NativeApps.iOS\PracticalXamarin.NativeApps.iOS.csproj", "{D8E9A440-AB3C-414B-A887-D86A4E9E6380}"
EndProject
Project("{FAE04EC0-301F-11D3-BF4B-00C04F79EFBC}") = "PracticalXamarin.NativeApps.Android", "PracticalXamarin.NativeApps.Android\PracticalXamarin.NativeApps.Android.csproj", "{16D2B737-BCA0-41A8-BB09-E4B2FD9EAD3C}"
EndProject
Project("{D954291E-2A0B-460D-934E-DC6B0785DB48}") = "PracticalXamarin.NativeApps.Windows.Shared", "PracticalXamarin.NativeApps.Windows\PracticalXamarin.NativeApps.Windows.Shared\PracticalXamarin.NativeApps.Windows.Shared.shproj", "{A3CF5709-7F91-4B1C-9900-E9DD165F17B5}"
EndProject
Project("{FAE04EC0-301F-11D3-BF4B-00C04F79EFBC}") = "PracticalXamarin.NativeApps.Windows.Windows", "PracticalXamarin.NativeApps.Windows\PracticalXamarin.NativeApps.Windows.Windows\PracticalXamarin.NativeApps.Windows.Windows.csproj", "{4625E114-FDBA-4E2D-9246-63E86785A138}"
EndProject
Project("{FAE04EC0-301F-11D3-BF4B-00C04F79EFBC}") = "PracticalXamarin.NativeApps.Windows.WindowsPhone", "PracticalXamarin.NativeApps.Windows\PracticalXamarin.NativeApps.Windows.WindowsPhone\PracticalXamarin.NativeApps.Windows.WindowsPhone.csproj", "{E0E2EE10-F2B7-40A3-892F-C277B4EDFA1A}"
EndProject
Project("{2150E333-8FDC-42A3-9474-1A3956D46DE8}") = "FormsApps", "FormsApps", "{FFFB4FEB-5E74-48AB-B83A-BACF877551C3}"
EndProject
Project("{D954291E-2A0B-460D-934E-DC6B0785DB48}") = "PracticalXamarin.FormsApps", "PracticalXamarin.FormsApps\PracticalXamarin.FormsApps\PracticalXamarin.FormsApps.shproj", "{341179B9-9117-4A63-8D5A-6336C168698D}"
EndProject
Project("{FAE04EC0-301F-11D3-BF4B-00C04F79EFBC}") = "PracticalXamarin.FormsApps.WinPhone", "PracticalXamarin.FormsApps\PracticalXamarin.FormsApps.WinPhone\PracticalXamarin.FormsApps.WinPhone.csproj", "{3578BB31-C613-4A18-BA44-F44B140E0976}"
EndProject
Project("{FAE04EC0-301F-11D3-BF4B-00C04F79EFBC}") = "PracticalXamarin.FormsApps.iOS", "PracticalXamarin.FormsApps\PracticalXamarin.FormsApps.iOS\PracticalXamarin.FormsApps.iOS.csproj", "{9D8D8694-A675-401D-9432-5A1D8175BED3}"
EndProject
Project("{FAE04EC0-301F-11D3-BF4B-00C04F79EFBC}") = "PracticalXamarin.FormsApps.Droid", "PracticalXamarin.FormsApps\PracticalXamarin.FormsApps.Droid\PracticalXamarin.FormsApps.Droid.csproj", "{AC8B8877-5425-4E8D-A849-22E9FBEFC6B2}"
EndProject
Project("{FAE04EC0-301F-11D3-BF4B-00C04F79EFBC}") = "PracticalXamarin.Models", "PracticalXamarin.Models\PracticalXamarin.Models.csproj", "{64502533-F006-4F56-BB7F-315E092765AB}"
EndProject
Project("{FAE04EC0-301F-11D3-BF4B-00C04F79EFBC}") = "PracticalXamarin.ViewModels", "PracticalXamarin.ViewModels\PracticalXamarin.ViewModels.csproj", "{0C4F100A-5E98-4E09-9925-C497A3268F96}"
EndProject
Global
	GlobalSection(SharedMSBuildProjectFiles) = preSolution
		PracticalXamarin.FormsApps\PracticalXamarin.FormsApps\PracticalXamarin.FormsApps.projitems*{341179b9-9117-4a63-8d5a-6336c168698d}*SharedItemsImports = 13
		PracticalXamarin.NativeApps.Windows\PracticalXamarin.NativeApps.Windows.Shared\PracticalXamarin.NativeApps.Windows.Shared.projitems*{e0e2ee10-f2b7-40a3-892f-c277b4edfa1a}*SharedItemsImports = 4
		PracticalXamarin.NativeApps.Windows\PracticalXamarin.NativeApps.Windows.Shared\PracticalXamarin.NativeApps.Windows.Shared.projitems*{4625e114-fdba-4e2d-9246-63e86785a138}*SharedItemsImports = 4
		PracticalXamarin.FormsApps\PracticalXamarin.FormsApps\PracticalXamarin.FormsApps.projitems*{ac8b8877-5425-4e8d-a849-22e9fbefc6b2}*SharedItemsImports = 4
		PracticalXamarin.FormsApps\PracticalXamarin.FormsApps\PracticalXamarin.FormsApps.projitems*{3578bb31-c613-4a18-ba44-f44b140e0976}*SharedItemsImports = 4
		PracticalXamarin.NativeApps.Windows\PracticalXamarin.NativeApps.Windows.Shared\PracticalXamarin.NativeApps.Windows.Shared.projitems*{a3cf5709-7f91-4b1c-9900-e9dd165f17b5}*SharedItemsImports = 13
		PracticalXamarin.FormsApps\PracticalXamarin.FormsApps\PracticalXamarin.FormsApps.projitems*{9d8d8694-a675-401d-9432-5a1d8175bed3}*SharedItemsImports = 4
	EndGlobalSection
	GlobalSection(SolutionConfigurationPlatforms) = preSolution
		Ad-Hoc|Any CPU = Ad-Hoc|Any CPU
		Ad-Hoc|ARM = Ad-Hoc|ARM
		Ad-Hoc|iPhone = Ad-Hoc|iPhone
		Ad-Hoc|iPhoneSimulator = Ad-Hoc|iPhoneSimulator
		Ad-Hoc|Mixed Platforms = Ad-Hoc|Mixed Platforms
		Ad-Hoc|x64 = Ad-Hoc|x64
		Ad-Hoc|x86 = Ad-Hoc|x86
		AppStore|Any CPU = AppStore|Any CPU
		AppStore|ARM = AppStore|ARM
		AppStore|iPhone = AppStore|iPhone
		AppStore|iPhoneSimulator = AppStore|iPhoneSimulator
		AppStore|Mixed Platforms = AppStore|Mixed Platforms
		AppStore|x64 = AppStore|x64
		AppStore|x86 = AppStore|x86
		Debug|Any CPU = Debug|Any CPU
		Debug|ARM = Debug|ARM
		Debug|iPhone = Debug|iPhone
		Debug|iPhoneSimulator = Debug|iPhoneSimulator
		Debug|Mixed Platforms = Debug|Mixed Platforms
		Debug|x64 = Debug|x64
		Debug|x86 = Debug|x86
		Release|Any CPU = Release|Any CPU
		Release|ARM = Release|ARM
		Release|iPhone = Release|iPhone
		Release|iPhoneSimulator = Release|iPhoneSimulator
		Release|Mixed Platforms = Release|Mixed Platforms
		Release|x64 = Release|x64
		Release|x86 = Release|x86
	EndGlobalSection
	GlobalSection(ProjectConfigurationPlatforms) = postSolution
		{D8E9A440-AB3C-414B-A887-D86A4E9E6380}.Ad-Hoc|Any CPU.ActiveCfg = Ad-Hoc|iPhone
		{D8E9A440-AB3C-414B-A887-D86A4E9E6380}.Ad-Hoc|ARM.ActiveCfg = Ad-Hoc|iPhone
		{D8E9A440-AB3C-414B-A887-D86A4E9E6380}.Ad-Hoc|iPhone.ActiveCfg = Ad-Hoc|iPhone
		{D8E9A440-AB3C-414B-A887-D86A4E9E6380}.Ad-Hoc|iPhone.Build.0 = Ad-Hoc|iPhone
		{D8E9A440-AB3C-414B-A887-D86A4E9E6380}.Ad-Hoc|iPhoneSimulator.ActiveCfg = Ad-Hoc|iPhoneSimulator
		{D8E9A440-AB3C-414B-A887-D86A4E9E6380}.Ad-Hoc|iPhoneSimulator.Build.0 = Ad-Hoc|iPhoneSimulator
		{D8E9A440-AB3C-414B-A887-D86A4E9E6380}.Ad-Hoc|Mixed Platforms.ActiveCfg = Ad-Hoc|iPhone
		{D8E9A440-AB3C-414B-A887-D86A4E9E6380}.Ad-Hoc|Mixed Platforms.Build.0 = Ad-Hoc|iPhone
		{D8E9A440-AB3C-414B-A887-D86A4E9E6380}.Ad-Hoc|x64.ActiveCfg = Ad-Hoc|iPhone
		{D8E9A440-AB3C-414B-A887-D86A4E9E6380}.Ad-Hoc|x86.ActiveCfg = Ad-Hoc|iPhone
		{D8E9A440-AB3C-414B-A887-D86A4E9E6380}.AppStore|Any CPU.ActiveCfg = AppStore|iPhone
		{D8E9A440-AB3C-414B-A887-D86A4E9E6380}.AppStore|ARM.ActiveCfg = AppStore|iPhone
		{D8E9A440-AB3C-414B-A887-D86A4E9E6380}.AppStore|iPhone.ActiveCfg = AppStore|iPhone
		{D8E9A440-AB3C-414B-A887-D86A4E9E6380}.AppStore|iPhone.Build.0 = AppStore|iPhone
		{D8E9A440-AB3C-414B-A887-D86A4E9E6380}.AppStore|iPhoneSimulator.ActiveCfg = AppStore|iPhoneSimulator
		{D8E9A440-AB3C-414B-A887-D86A4E9E6380}.AppStore|iPhoneSimulator.Build.0 = AppStore|iPhoneSimulator
		{D8E9A440-AB3C-414B-A887-D86A4E9E6380}.AppStore|Mixed Platforms.ActiveCfg = AppStore|iPhone
		{D8E9A440-AB3C-414B-A887-D86A4E9E6380}.AppStore|Mixed Platforms.Build.0 = AppStore|iPhone
		{D8E9A440-AB3C-414B-A887-D86A4E9E6380}.AppStore|x64.ActiveCfg = AppStore|iPhone
		{D8E9A440-AB3C-414B-A887-D86A4E9E6380}.AppStore|x86.ActiveCfg = AppStore|iPhone
		{D8E9A440-AB3C-414B-A887-D86A4E9E6380}.Debug|Any CPU.ActiveCfg = Debug|iPhone
		{D8E9A440-AB3C-414B-A887-D86A4E9E6380}.Debug|Any CPU.Build.0 = Debug|iPhone
		{D8E9A440-AB3C-414B-A887-D86A4E9E6380}.Debug|ARM.ActiveCfg = Debug|iPhone
		{D8E9A440-AB3C-414B-A887-D86A4E9E6380}.Debug|iPhone.ActiveCfg = Debug|iPhone
		{D8E9A440-AB3C-414B-A887-D86A4E9E6380}.Debug|iPhone.Build.0 = Debug|iPhone
		{D8E9A440-AB3C-414B-A887-D86A4E9E6380}.Debug|iPhoneSimulator.ActiveCfg = Debug|iPhoneSimulator
		{D8E9A440-AB3C-414B-A887-D86A4E9E6380}.Debug|iPhoneSimulator.Build.0 = Debug|iPhoneSimulator
		{D8E9A440-AB3C-414B-A887-D86A4E9E6380}.Debug|Mixed Platforms.ActiveCfg = Debug|iPhone
		{D8E9A440-AB3C-414B-A887-D86A4E9E6380}.Debug|Mixed Platforms.Build.0 = Debug|iPhone
		{D8E9A440-AB3C-414B-A887-D86A4E9E6380}.Debug|x64.ActiveCfg = Debug|iPhone
		{D8E9A440-AB3C-414B-A887-D86A4E9E6380}.Debug|x86.ActiveCfg = Debug|iPhone
		{D8E9A440-AB3C-414B-A887-D86A4E9E6380}.Release|Any CPU.ActiveCfg = Release|iPhone
		{D8E9A440-AB3C-414B-A887-D86A4E9E6380}.Release|ARM.ActiveCfg = Release|iPhone
		{D8E9A440-AB3C-414B-A887-D86A4E9E6380}.Release|iPhone.ActiveCfg = Release|iPhone
		{D8E9A440-AB3C-414B-A887-D86A4E9E6380}.Release|iPhone.Build.0 = Release|iPhone
		{D8E9A440-AB3C-414B-A887-D86A4E9E6380}.Release|iPhoneSimulator.ActiveCfg = Release|iPhoneSimulator
		{D8E9A440-AB3C-414B-A887-D86A4E9E6380}.Release|iPhoneSimulator.Build.0 = Release|iPhoneSimulator
		{D8E9A440-AB3C-414B-A887-D86A4E9E6380}.Release|Mixed Platforms.ActiveCfg = Release|iPhone
		{D8E9A440-AB3C-414B-A887-D86A4E9E6380}.Release|Mixed Platforms.Build.0 = Release|iPhone
		{D8E9A440-AB3C-414B-A887-D86A4E9E6380}.Release|x64.ActiveCfg = Release|iPhone
		{D8E9A440-AB3C-414B-A887-D86A4E9E6380}.Release|x86.ActiveCfg = Release|iPhone
		{16D2B737-BCA0-41A8-BB09-E4B2FD9EAD3C}.Ad-Hoc|Any CPU.ActiveCfg = Release|Any CPU
		{16D2B737-BCA0-41A8-BB09-E4B2FD9EAD3C}.Ad-Hoc|Any CPU.Build.0 = Release|Any CPU
		{16D2B737-BCA0-41A8-BB09-E4B2FD9EAD3C}.Ad-Hoc|Any CPU.Deploy.0 = Release|Any CPU
		{16D2B737-BCA0-41A8-BB09-E4B2FD9EAD3C}.Ad-Hoc|ARM.ActiveCfg = Release|Any CPU
		{16D2B737-BCA0-41A8-BB09-E4B2FD9EAD3C}.Ad-Hoc|iPhone.ActiveCfg = Release|Any CPU
		{16D2B737-BCA0-41A8-BB09-E4B2FD9EAD3C}.Ad-Hoc|iPhoneSimulator.ActiveCfg = Release|Any CPU
		{16D2B737-BCA0-41A8-BB09-E4B2FD9EAD3C}.Ad-Hoc|Mixed Platforms.ActiveCfg = Release|Any CPU
		{16D2B737-BCA0-41A8-BB09-E4B2FD9EAD3C}.Ad-Hoc|Mixed Platforms.Build.0 = Release|Any CPU
		{16D2B737-BCA0-41A8-BB09-E4B2FD9EAD3C}.Ad-Hoc|Mixed Platforms.Deploy.0 = Release|Any CPU
		{16D2B737-BCA0-41A8-BB09-E4B2FD9EAD3C}.Ad-Hoc|x64.ActiveCfg = Release|Any CPU
		{16D2B737-BCA0-41A8-BB09-E4B2FD9EAD3C}.Ad-Hoc|x86.ActiveCfg = Release|Any CPU
		{16D2B737-BCA0-41A8-BB09-E4B2FD9EAD3C}.AppStore|Any CPU.ActiveCfg = Release|Any CPU
		{16D2B737-BCA0-41A8-BB09-E4B2FD9EAD3C}.AppStore|Any CPU.Build.0 = Release|Any CPU
		{16D2B737-BCA0-41A8-BB09-E4B2FD9EAD3C}.AppStore|Any CPU.Deploy.0 = Release|Any CPU
		{16D2B737-BCA0-41A8-BB09-E4B2FD9EAD3C}.AppStore|ARM.ActiveCfg = Release|Any CPU
		{16D2B737-BCA0-41A8-BB09-E4B2FD9EAD3C}.AppStore|iPhone.ActiveCfg = Release|Any CPU
		{16D2B737-BCA0-41A8-BB09-E4B2FD9EAD3C}.AppStore|iPhoneSimulator.ActiveCfg = Release|Any CPU
		{16D2B737-BCA0-41A8-BB09-E4B2FD9EAD3C}.AppStore|Mixed Platforms.ActiveCfg = Release|Any CPU
		{16D2B737-BCA0-41A8-BB09-E4B2FD9EAD3C}.AppStore|Mixed Platforms.Build.0 = Release|Any CPU
		{16D2B737-BCA0-41A8-BB09-E4B2FD9EAD3C}.AppStore|Mixed Platforms.Deploy.0 = Release|Any CPU
		{16D2B737-BCA0-41A8-BB09-E4B2FD9EAD3C}.AppStore|x64.ActiveCfg = Release|Any CPU
		{16D2B737-BCA0-41A8-BB09-E4B2FD9EAD3C}.AppStore|x86.ActiveCfg = Release|Any CPU
		{16D2B737-BCA0-41A8-BB09-E4B2FD9EAD3C}.Debug|Any CPU.ActiveCfg = Debug|Any CPU
		{16D2B737-BCA0-41A8-BB09-E4B2FD9EAD3C}.Debug|Any CPU.Build.0 = Debug|Any CPU
		{16D2B737-BCA0-41A8-BB09-E4B2FD9EAD3C}.Debug|Any CPU.Deploy.0 = Debug|Any CPU
		{16D2B737-BCA0-41A8-BB09-E4B2FD9EAD3C}.Debug|ARM.ActiveCfg = Debug|Any CPU
		{16D2B737-BCA0-41A8-BB09-E4B2FD9EAD3C}.Debug|iPhone.ActiveCfg = Debug|Any CPU
		{16D2B737-BCA0-41A8-BB09-E4B2FD9EAD3C}.Debug|iPhoneSimulator.ActiveCfg = Debug|Any CPU
		{16D2B737-BCA0-41A8-BB09-E4B2FD9EAD3C}.Debug|Mixed Platforms.ActiveCfg = Debug|Any CPU
		{16D2B737-BCA0-41A8-BB09-E4B2FD9EAD3C}.Debug|Mixed Platforms.Build.0 = Debug|Any CPU
		{16D2B737-BCA0-41A8-BB09-E4B2FD9EAD3C}.Debug|Mixed Platforms.Deploy.0 = Debug|Any CPU
		{16D2B737-BCA0-41A8-BB09-E4B2FD9EAD3C}.Debug|x64.ActiveCfg = Debug|Any CPU
		{16D2B737-BCA0-41A8-BB09-E4B2FD9EAD3C}.Debug|x86.ActiveCfg = Debug|Any CPU
		{16D2B737-BCA0-41A8-BB09-E4B2FD9EAD3C}.Release|Any CPU.ActiveCfg = Release|Any CPU
		{16D2B737-BCA0-41A8-BB09-E4B2FD9EAD3C}.Release|Any CPU.Build.0 = Release|Any CPU
		{16D2B737-BCA0-41A8-BB09-E4B2FD9EAD3C}.Release|Any CPU.Deploy.0 = Release|Any CPU
		{16D2B737-BCA0-41A8-BB09-E4B2FD9EAD3C}.Release|ARM.ActiveCfg = Release|Any CPU
		{16D2B737-BCA0-41A8-BB09-E4B2FD9EAD3C}.Release|iPhone.ActiveCfg = Release|Any CPU
		{16D2B737-BCA0-41A8-BB09-E4B2FD9EAD3C}.Release|iPhoneSimulator.ActiveCfg = Release|Any CPU
		{16D2B737-BCA0-41A8-BB09-E4B2FD9EAD3C}.Release|Mixed Platforms.ActiveCfg = Release|Any CPU
		{16D2B737-BCA0-41A8-BB09-E4B2FD9EAD3C}.Release|Mixed Platforms.Build.0 = Release|Any CPU
		{16D2B737-BCA0-41A8-BB09-E4B2FD9EAD3C}.Release|Mixed Platforms.Deploy.0 = Release|Any CPU
		{16D2B737-BCA0-41A8-BB09-E4B2FD9EAD3C}.Release|x64.ActiveCfg = Release|Any CPU
		{16D2B737-BCA0-41A8-BB09-E4B2FD9EAD3C}.Release|x86.ActiveCfg = Release|Any CPU
		{4625E114-FDBA-4E2D-9246-63E86785A138}.Ad-Hoc|Any CPU.ActiveCfg = Release|Any CPU
		{4625E114-FDBA-4E2D-9246-63E86785A138}.Ad-Hoc|Any CPU.Build.0 = Release|Any CPU
		{4625E114-FDBA-4E2D-9246-63E86785A138}.Ad-Hoc|Any CPU.Deploy.0 = Release|Any CPU
		{4625E114-FDBA-4E2D-9246-63E86785A138}.Ad-Hoc|ARM.ActiveCfg = Release|ARM
		{4625E114-FDBA-4E2D-9246-63E86785A138}.Ad-Hoc|ARM.Build.0 = Release|ARM
		{4625E114-FDBA-4E2D-9246-63E86785A138}.Ad-Hoc|ARM.Deploy.0 = Release|ARM
		{4625E114-FDBA-4E2D-9246-63E86785A138}.Ad-Hoc|iPhone.ActiveCfg = Release|Any CPU
		{4625E114-FDBA-4E2D-9246-63E86785A138}.Ad-Hoc|iPhoneSimulator.ActiveCfg = Release|Any CPU
		{4625E114-FDBA-4E2D-9246-63E86785A138}.Ad-Hoc|Mixed Platforms.ActiveCfg = Release|x86
		{4625E114-FDBA-4E2D-9246-63E86785A138}.Ad-Hoc|Mixed Platforms.Build.0 = Release|x86
		{4625E114-FDBA-4E2D-9246-63E86785A138}.Ad-Hoc|Mixed Platforms.Deploy.0 = Release|x86
		{4625E114-FDBA-4E2D-9246-63E86785A138}.Ad-Hoc|x64.ActiveCfg = Release|x64
		{4625E114-FDBA-4E2D-9246-63E86785A138}.Ad-Hoc|x64.Build.0 = Release|x64
		{4625E114-FDBA-4E2D-9246-63E86785A138}.Ad-Hoc|x64.Deploy.0 = Release|x64
		{4625E114-FDBA-4E2D-9246-63E86785A138}.Ad-Hoc|x86.ActiveCfg = Release|x86
		{4625E114-FDBA-4E2D-9246-63E86785A138}.Ad-Hoc|x86.Build.0 = Release|x86
		{4625E114-FDBA-4E2D-9246-63E86785A138}.Ad-Hoc|x86.Deploy.0 = Release|x86
		{4625E114-FDBA-4E2D-9246-63E86785A138}.AppStore|Any CPU.ActiveCfg = Release|Any CPU
		{4625E114-FDBA-4E2D-9246-63E86785A138}.AppStore|Any CPU.Build.0 = Release|Any CPU
		{4625E114-FDBA-4E2D-9246-63E86785A138}.AppStore|Any CPU.Deploy.0 = Release|Any CPU
		{4625E114-FDBA-4E2D-9246-63E86785A138}.AppStore|ARM.ActiveCfg = Release|ARM
		{4625E114-FDBA-4E2D-9246-63E86785A138}.AppStore|ARM.Build.0 = Release|ARM
		{4625E114-FDBA-4E2D-9246-63E86785A138}.AppStore|ARM.Deploy.0 = Release|ARM
		{4625E114-FDBA-4E2D-9246-63E86785A138}.AppStore|iPhone.ActiveCfg = Release|Any CPU
		{4625E114-FDBA-4E2D-9246-63E86785A138}.AppStore|iPhoneSimulator.ActiveCfg = Release|Any CPU
		{4625E114-FDBA-4E2D-9246-63E86785A138}.AppStore|Mixed Platforms.ActiveCfg = Release|x86
		{4625E114-FDBA-4E2D-9246-63E86785A138}.AppStore|Mixed Platforms.Build.0 = Release|x86
		{4625E114-FDBA-4E2D-9246-63E86785A138}.AppStore|Mixed Platforms.Deploy.0 = Release|x86
		{4625E114-FDBA-4E2D-9246-63E86785A138}.AppStore|x64.ActiveCfg = Release|x64
		{4625E114-FDBA-4E2D-9246-63E86785A138}.AppStore|x64.Build.0 = Release|x64
		{4625E114-FDBA-4E2D-9246-63E86785A138}.AppStore|x64.Deploy.0 = Release|x64
		{4625E114-FDBA-4E2D-9246-63E86785A138}.AppStore|x86.ActiveCfg = Release|x86
		{4625E114-FDBA-4E2D-9246-63E86785A138}.AppStore|x86.Build.0 = Release|x86
		{4625E114-FDBA-4E2D-9246-63E86785A138}.AppStore|x86.Deploy.0 = Release|x86
		{4625E114-FDBA-4E2D-9246-63E86785A138}.Debug|Any CPU.ActiveCfg = Debug|Any CPU
		{4625E114-FDBA-4E2D-9246-63E86785A138}.Debug|Any CPU.Build.0 = Debug|Any CPU
		{4625E114-FDBA-4E2D-9246-63E86785A138}.Debug|Any CPU.Deploy.0 = Debug|Any CPU
		{4625E114-FDBA-4E2D-9246-63E86785A138}.Debug|ARM.ActiveCfg = Debug|ARM
		{4625E114-FDBA-4E2D-9246-63E86785A138}.Debug|ARM.Build.0 = Debug|ARM
		{4625E114-FDBA-4E2D-9246-63E86785A138}.Debug|ARM.Deploy.0 = Debug|ARM
		{4625E114-FDBA-4E2D-9246-63E86785A138}.Debug|iPhone.ActiveCfg = Debug|Any CPU
		{4625E114-FDBA-4E2D-9246-63E86785A138}.Debug|iPhoneSimulator.ActiveCfg = Debug|Any CPU
		{4625E114-FDBA-4E2D-9246-63E86785A138}.Debug|Mixed Platforms.ActiveCfg = Debug|x86
		{4625E114-FDBA-4E2D-9246-63E86785A138}.Debug|Mixed Platforms.Build.0 = Debug|x86
		{4625E114-FDBA-4E2D-9246-63E86785A138}.Debug|Mixed Platforms.Deploy.0 = Debug|x86
		{4625E114-FDBA-4E2D-9246-63E86785A138}.Debug|x64.ActiveCfg = Debug|x64
		{4625E114-FDBA-4E2D-9246-63E86785A138}.Debug|x64.Build.0 = Debug|x64
		{4625E114-FDBA-4E2D-9246-63E86785A138}.Debug|x64.Deploy.0 = Debug|x64
		{4625E114-FDBA-4E2D-9246-63E86785A138}.Debug|x86.ActiveCfg = Debug|x86
		{4625E114-FDBA-4E2D-9246-63E86785A138}.Debug|x86.Build.0 = Debug|x86
		{4625E114-FDBA-4E2D-9246-63E86785A138}.Debug|x86.Deploy.0 = Debug|x86
		{4625E114-FDBA-4E2D-9246-63E86785A138}.Release|Any CPU.ActiveCfg = Release|Any CPU
		{4625E114-FDBA-4E2D-9246-63E86785A138}.Release|Any CPU.Build.0 = Release|Any CPU
		{4625E114-FDBA-4E2D-9246-63E86785A138}.Release|Any CPU.Deploy.0 = Release|Any CPU
		{4625E114-FDBA-4E2D-9246-63E86785A138}.Release|ARM.ActiveCfg = Release|ARM
		{4625E114-FDBA-4E2D-9246-63E86785A138}.Release|ARM.Build.0 = Release|ARM
		{4625E114-FDBA-4E2D-9246-63E86785A138}.Release|ARM.Deploy.0 = Release|ARM
		{4625E114-FDBA-4E2D-9246-63E86785A138}.Release|iPhone.ActiveCfg = Release|Any CPU
		{4625E114-FDBA-4E2D-9246-63E86785A138}.Release|iPhoneSimulator.ActiveCfg = Release|Any CPU
		{4625E114-FDBA-4E2D-9246-63E86785A138}.Release|Mixed Platforms.ActiveCfg = Release|x86
		{4625E114-FDBA-4E2D-9246-63E86785A138}.Release|Mixed Platforms.Build.0 = Release|x86
		{4625E114-FDBA-4E2D-9246-63E86785A138}.Release|Mixed Platforms.Deploy.0 = Release|x86
		{4625E114-FDBA-4E2D-9246-63E86785A138}.Release|x64.ActiveCfg = Release|x64
		{4625E114-FDBA-4E2D-9246-63E86785A138}.Release|x64.Build.0 = Release|x64
		{4625E114-FDBA-4E2D-9246-63E86785A138}.Release|x64.Deploy.0 = Release|x64
		{4625E114-FDBA-4E2D-9246-63E86785A138}.Release|x86.ActiveCfg = Release|x86
		{4625E114-FDBA-4E2D-9246-63E86785A138}.Release|x86.Build.0 = Release|x86
		{4625E114-FDBA-4E2D-9246-63E86785A138}.Release|x86.Deploy.0 = Release|x86
		{E0E2EE10-F2B7-40A3-892F-C277B4EDFA1A}.Ad-Hoc|Any CPU.ActiveCfg = Release|Any CPU
		{E0E2EE10-F2B7-40A3-892F-C277B4EDFA1A}.Ad-Hoc|Any CPU.Build.0 = Release|Any CPU
		{E0E2EE10-F2B7-40A3-892F-C277B4EDFA1A}.Ad-Hoc|Any CPU.Deploy.0 = Release|Any CPU
		{E0E2EE10-F2B7-40A3-892F-C277B4EDFA1A}.Ad-Hoc|ARM.ActiveCfg = Release|ARM
		{E0E2EE10-F2B7-40A3-892F-C277B4EDFA1A}.Ad-Hoc|ARM.Build.0 = Release|ARM
		{E0E2EE10-F2B7-40A3-892F-C277B4EDFA1A}.Ad-Hoc|ARM.Deploy.0 = Release|ARM
		{E0E2EE10-F2B7-40A3-892F-C277B4EDFA1A}.Ad-Hoc|iPhone.ActiveCfg = Release|Any CPU
		{E0E2EE10-F2B7-40A3-892F-C277B4EDFA1A}.Ad-Hoc|iPhoneSimulator.ActiveCfg = Release|Any CPU
		{E0E2EE10-F2B7-40A3-892F-C277B4EDFA1A}.Ad-Hoc|Mixed Platforms.ActiveCfg = Release|x86
		{E0E2EE10-F2B7-40A3-892F-C277B4EDFA1A}.Ad-Hoc|Mixed Platforms.Build.0 = Release|x86
		{E0E2EE10-F2B7-40A3-892F-C277B4EDFA1A}.Ad-Hoc|Mixed Platforms.Deploy.0 = Release|x86
		{E0E2EE10-F2B7-40A3-892F-C277B4EDFA1A}.Ad-Hoc|x64.ActiveCfg = Release|Any CPU
		{E0E2EE10-F2B7-40A3-892F-C277B4EDFA1A}.Ad-Hoc|x86.ActiveCfg = Release|x86
		{E0E2EE10-F2B7-40A3-892F-C277B4EDFA1A}.Ad-Hoc|x86.Build.0 = Release|x86
		{E0E2EE10-F2B7-40A3-892F-C277B4EDFA1A}.Ad-Hoc|x86.Deploy.0 = Release|x86
		{E0E2EE10-F2B7-40A3-892F-C277B4EDFA1A}.AppStore|Any CPU.ActiveCfg = Release|Any CPU
		{E0E2EE10-F2B7-40A3-892F-C277B4EDFA1A}.AppStore|Any CPU.Build.0 = Release|Any CPU
		{E0E2EE10-F2B7-40A3-892F-C277B4EDFA1A}.AppStore|Any CPU.Deploy.0 = Release|Any CPU
		{E0E2EE10-F2B7-40A3-892F-C277B4EDFA1A}.AppStore|ARM.ActiveCfg = Release|ARM
		{E0E2EE10-F2B7-40A3-892F-C277B4EDFA1A}.AppStore|ARM.Build.0 = Release|ARM
		{E0E2EE10-F2B7-40A3-892F-C277B4EDFA1A}.AppStore|ARM.Deploy.0 = Release|ARM
		{E0E2EE10-F2B7-40A3-892F-C277B4EDFA1A}.AppStore|iPhone.ActiveCfg = Release|Any CPU
		{E0E2EE10-F2B7-40A3-892F-C277B4EDFA1A}.AppStore|iPhoneSimulator.ActiveCfg = Release|Any CPU
		{E0E2EE10-F2B7-40A3-892F-C277B4EDFA1A}.AppStore|Mixed Platforms.ActiveCfg = Release|x86
		{E0E2EE10-F2B7-40A3-892F-C277B4EDFA1A}.AppStore|Mixed Platforms.Build.0 = Release|x86
		{E0E2EE10-F2B7-40A3-892F-C277B4EDFA1A}.AppStore|Mixed Platforms.Deploy.0 = Release|x86
		{E0E2EE10-F2B7-40A3-892F-C277B4EDFA1A}.AppStore|x64.ActiveCfg = Release|Any CPU
		{E0E2EE10-F2B7-40A3-892F-C277B4EDFA1A}.AppStore|x86.ActiveCfg = Release|x86
		{E0E2EE10-F2B7-40A3-892F-C277B4EDFA1A}.AppStore|x86.Build.0 = Release|x86
		{E0E2EE10-F2B7-40A3-892F-C277B4EDFA1A}.AppStore|x86.Deploy.0 = Release|x86
		{E0E2EE10-F2B7-40A3-892F-C277B4EDFA1A}.Debug|Any CPU.ActiveCfg = Debug|Any CPU
		{E0E2EE10-F2B7-40A3-892F-C277B4EDFA1A}.Debug|Any CPU.Build.0 = Debug|Any CPU
		{E0E2EE10-F2B7-40A3-892F-C277B4EDFA1A}.Debug|Any CPU.Deploy.0 = Debug|Any CPU
		{E0E2EE10-F2B7-40A3-892F-C277B4EDFA1A}.Debug|ARM.ActiveCfg = Debug|ARM
		{E0E2EE10-F2B7-40A3-892F-C277B4EDFA1A}.Debug|ARM.Build.0 = Debug|ARM
		{E0E2EE10-F2B7-40A3-892F-C277B4EDFA1A}.Debug|ARM.Deploy.0 = Debug|ARM
		{E0E2EE10-F2B7-40A3-892F-C277B4EDFA1A}.Debug|iPhone.ActiveCfg = Debug|Any CPU
		{E0E2EE10-F2B7-40A3-892F-C277B4EDFA1A}.Debug|iPhoneSimulator.ActiveCfg = Debug|Any CPU
		{E0E2EE10-F2B7-40A3-892F-C277B4EDFA1A}.Debug|Mixed Platforms.ActiveCfg = Debug|x86
		{E0E2EE10-F2B7-40A3-892F-C277B4EDFA1A}.Debug|Mixed Platforms.Build.0 = Debug|x86
		{E0E2EE10-F2B7-40A3-892F-C277B4EDFA1A}.Debug|Mixed Platforms.Deploy.0 = Debug|x86
		{E0E2EE10-F2B7-40A3-892F-C277B4EDFA1A}.Debug|x64.ActiveCfg = Debug|Any CPU
		{E0E2EE10-F2B7-40A3-892F-C277B4EDFA1A}.Debug|x86.ActiveCfg = Debug|x86
		{E0E2EE10-F2B7-40A3-892F-C277B4EDFA1A}.Debug|x86.Build.0 = Debug|x86
		{E0E2EE10-F2B7-40A3-892F-C277B4EDFA1A}.Debug|x86.Deploy.0 = Debug|x86
		{E0E2EE10-F2B7-40A3-892F-C277B4EDFA1A}.Release|Any CPU.ActiveCfg = Release|Any CPU
		{E0E2EE10-F2B7-40A3-892F-C277B4EDFA1A}.Release|Any CPU.Build.0 = Release|Any CPU
		{E0E2EE10-F2B7-40A3-892F-C277B4EDFA1A}.Release|Any CPU.Deploy.0 = Release|Any CPU
		{E0E2EE10-F2B7-40A3-892F-C277B4EDFA1A}.Release|ARM.ActiveCfg = Release|ARM
		{E0E2EE10-F2B7-40A3-892F-C277B4EDFA1A}.Release|ARM.Build.0 = Release|ARM
		{E0E2EE10-F2B7-40A3-892F-C277B4EDFA1A}.Release|ARM.Deploy.0 = Release|ARM
		{E0E2EE10-F2B7-40A3-892F-C277B4EDFA1A}.Release|iPhone.ActiveCfg = Release|Any CPU
		{E0E2EE10-F2B7-40A3-892F-C277B4EDFA1A}.Release|iPhoneSimulator.ActiveCfg = Release|Any CPU
		{E0E2EE10-F2B7-40A3-892F-C277B4EDFA1A}.Release|Mixed Platforms.ActiveCfg = Release|x86
		{E0E2EE10-F2B7-40A3-892F-C277B4EDFA1A}.Release|Mixed Platforms.Build.0 = Release|x86
		{E0E2EE10-F2B7-40A3-892F-C277B4EDFA1A}.Release|Mixed Platforms.Deploy.0 = Release|x86
		{E0E2EE10-F2B7-40A3-892F-C277B4EDFA1A}.Release|x64.ActiveCfg = Release|Any CPU
		{E0E2EE10-F2B7-40A3-892F-C277B4EDFA1A}.Release|x86.ActiveCfg = Release|x86
		{E0E2EE10-F2B7-40A3-892F-C277B4EDFA1A}.Release|x86.Build.0 = Release|x86
		{E0E2EE10-F2B7-40A3-892F-C277B4EDFA1A}.Release|x86.Deploy.0 = Release|x86
		{3578BB31-C613-4A18-BA44-F44B140E0976}.Ad-Hoc|Any CPU.ActiveCfg = Release|Any CPU
		{3578BB31-C613-4A18-BA44-F44B140E0976}.Ad-Hoc|Any CPU.Build.0 = Release|Any CPU
		{3578BB31-C613-4A18-BA44-F44B140E0976}.Ad-Hoc|Any CPU.Deploy.0 = Release|Any CPU
		{3578BB31-C613-4A18-BA44-F44B140E0976}.Ad-Hoc|ARM.ActiveCfg = Release|ARM
		{3578BB31-C613-4A18-BA44-F44B140E0976}.Ad-Hoc|ARM.Build.0 = Release|ARM
		{3578BB31-C613-4A18-BA44-F44B140E0976}.Ad-Hoc|ARM.Deploy.0 = Release|ARM
		{3578BB31-C613-4A18-BA44-F44B140E0976}.Ad-Hoc|iPhone.ActiveCfg = Release|Any CPU
		{3578BB31-C613-4A18-BA44-F44B140E0976}.Ad-Hoc|iPhoneSimulator.ActiveCfg = Release|Any CPU
		{3578BB31-C613-4A18-BA44-F44B140E0976}.Ad-Hoc|Mixed Platforms.ActiveCfg = Release|x86
		{3578BB31-C613-4A18-BA44-F44B140E0976}.Ad-Hoc|Mixed Platforms.Build.0 = Release|x86
		{3578BB31-C613-4A18-BA44-F44B140E0976}.Ad-Hoc|Mixed Platforms.Deploy.0 = Release|x86
		{3578BB31-C613-4A18-BA44-F44B140E0976}.Ad-Hoc|x64.ActiveCfg = Release|Any CPU
		{3578BB31-C613-4A18-BA44-F44B140E0976}.Ad-Hoc|x86.ActiveCfg = Release|x86
		{3578BB31-C613-4A18-BA44-F44B140E0976}.Ad-Hoc|x86.Build.0 = Release|x86
		{3578BB31-C613-4A18-BA44-F44B140E0976}.Ad-Hoc|x86.Deploy.0 = Release|x86
		{3578BB31-C613-4A18-BA44-F44B140E0976}.AppStore|Any CPU.ActiveCfg = Release|Any CPU
		{3578BB31-C613-4A18-BA44-F44B140E0976}.AppStore|Any CPU.Build.0 = Release|Any CPU
		{3578BB31-C613-4A18-BA44-F44B140E0976}.AppStore|Any CPU.Deploy.0 = Release|Any CPU
		{3578BB31-C613-4A18-BA44-F44B140E0976}.AppStore|ARM.ActiveCfg = Release|ARM
		{3578BB31-C613-4A18-BA44-F44B140E0976}.AppStore|ARM.Build.0 = Release|ARM
		{3578BB31-C613-4A18-BA44-F44B140E0976}.AppStore|ARM.Deploy.0 = Release|ARM
		{3578BB31-C613-4A18-BA44-F44B140E0976}.AppStore|iPhone.ActiveCfg = Release|Any CPU
		{3578BB31-C613-4A18-BA44-F44B140E0976}.AppStore|iPhoneSimulator.ActiveCfg = Release|Any CPU
		{3578BB31-C613-4A18-BA44-F44B140E0976}.AppStore|Mixed Platforms.ActiveCfg = Release|x86
		{3578BB31-C613-4A18-BA44-F44B140E0976}.AppStore|Mixed Platforms.Build.0 = Release|x86
		{3578BB31-C613-4A18-BA44-F44B140E0976}.AppStore|Mixed Platforms.Deploy.0 = Release|x86
		{3578BB31-C613-4A18-BA44-F44B140E0976}.AppStore|x64.ActiveCfg = Release|Any CPU
		{3578BB31-C613-4A18-BA44-F44B140E0976}.AppStore|x86.ActiveCfg = Release|x86
		{3578BB31-C613-4A18-BA44-F44B140E0976}.AppStore|x86.Build.0 = Release|x86
		{3578BB31-C613-4A18-BA44-F44B140E0976}.AppStore|x86.Deploy.0 = Release|x86
		{3578BB31-C613-4A18-BA44-F44B140E0976}.Debug|Any CPU.ActiveCfg = Debug|Any CPU
		{3578BB31-C613-4A18-BA44-F44B140E0976}.Debug|Any CPU.Build.0 = Debug|Any CPU
		{3578BB31-C613-4A18-BA44-F44B140E0976}.Debug|Any CPU.Deploy.0 = Debug|Any CPU
		{3578BB31-C613-4A18-BA44-F44B140E0976}.Debug|ARM.ActiveCfg = Debug|ARM
		{3578BB31-C613-4A18-BA44-F44B140E0976}.Debug|ARM.Build.0 = Debug|ARM
		{3578BB31-C613-4A18-BA44-F44B140E0976}.Debug|ARM.Deploy.0 = Debug|ARM
		{3578BB31-C613-4A18-BA44-F44B140E0976}.Debug|iPhone.ActiveCfg = Debug|Any CPU
		{3578BB31-C613-4A18-BA44-F44B140E0976}.Debug|iPhoneSimulator.ActiveCfg = Debug|Any CPU
		{3578BB31-C613-4A18-BA44-F44B140E0976}.Debug|Mixed Platforms.ActiveCfg = Debug|x86
		{3578BB31-C613-4A18-BA44-F44B140E0976}.Debug|Mixed Platforms.Build.0 = Debug|x86
		{3578BB31-C613-4A18-BA44-F44B140E0976}.Debug|Mixed Platforms.Deploy.0 = Debug|x86
		{3578BB31-C613-4A18-BA44-F44B140E0976}.Debug|x64.ActiveCfg = Debug|Any CPU
		{3578BB31-C613-4A18-BA44-F44B140E0976}.Debug|x86.ActiveCfg = Debug|x86
		{3578BB31-C613-4A18-BA44-F44B140E0976}.Debug|x86.Build.0 = Debug|x86
		{3578BB31-C613-4A18-BA44-F44B140E0976}.Debug|x86.Deploy.0 = Debug|x86
		{3578BB31-C613-4A18-BA44-F44B140E0976}.Release|Any CPU.ActiveCfg = Release|Any CPU
		{3578BB31-C613-4A18-BA44-F44B140E0976}.Release|Any CPU.Build.0 = Release|Any CPU
		{3578BB31-C613-4A18-BA44-F44B140E0976}.Release|Any CPU.Deploy.0 = Release|Any CPU
		{3578BB31-C613-4A18-BA44-F44B140E0976}.Release|ARM.ActiveCfg = Release|ARM
		{3578BB31-C613-4A18-BA44-F44B140E0976}.Release|ARM.Build.0 = Release|ARM
		{3578BB31-C613-4A18-BA44-F44B140E0976}.Release|ARM.Deploy.0 = Release|ARM
		{3578BB31-C613-4A18-BA44-F44B140E0976}.Release|iPhone.ActiveCfg = Release|Any CPU
		{3578BB31-C613-4A18-BA44-F44B140E0976}.Release|iPhoneSimulator.ActiveCfg = Release|Any CPU
		{3578BB31-C613-4A18-BA44-F44B140E0976}.Release|Mixed Platforms.ActiveCfg = Release|x86
		{3578BB31-C613-4A18-BA44-F44B140E0976}.Release|Mixed Platforms.Build.0 = Release|x86
		{3578BB31-C613-4A18-BA44-F44B140E0976}.Release|Mixed Platforms.Deploy.0 = Release|x86
		{3578BB31-C613-4A18-BA44-F44B140E0976}.Release|x64.ActiveCfg = Release|Any CPU
		{3578BB31-C613-4A18-BA44-F44B140E0976}.Release|x86.ActiveCfg = Release|x86
		{3578BB31-C613-4A18-BA44-F44B140E0976}.Release|x86.Build.0 = Release|x86
		{3578BB31-C613-4A18-BA44-F44B140E0976}.Release|x86.Deploy.0 = Release|x86
		{9D8D8694-A675-401D-9432-5A1D8175BED3}.Ad-Hoc|Any CPU.ActiveCfg = Ad-Hoc|iPhone
		{9D8D8694-A675-401D-9432-5A1D8175BED3}.Ad-Hoc|ARM.ActiveCfg = Ad-Hoc|iPhone
		{9D8D8694-A675-401D-9432-5A1D8175BED3}.Ad-Hoc|iPhone.ActiveCfg = Ad-Hoc|iPhone
		{9D8D8694-A675-401D-9432-5A1D8175BED3}.Ad-Hoc|iPhone.Build.0 = Ad-Hoc|iPhone
		{9D8D8694-A675-401D-9432-5A1D8175BED3}.Ad-Hoc|iPhoneSimulator.ActiveCfg = Ad-Hoc|iPhoneSimulator
		{9D8D8694-A675-401D-9432-5A1D8175BED3}.Ad-Hoc|iPhoneSimulator.Build.0 = Ad-Hoc|iPhoneSimulator
		{9D8D8694-A675-401D-9432-5A1D8175BED3}.Ad-Hoc|Mixed Platforms.ActiveCfg = Ad-Hoc|iPhone
		{9D8D8694-A675-401D-9432-5A1D8175BED3}.Ad-Hoc|Mixed Platforms.Build.0 = Ad-Hoc|iPhone
		{9D8D8694-A675-401D-9432-5A1D8175BED3}.Ad-Hoc|x64.ActiveCfg = Ad-Hoc|iPhone
		{9D8D8694-A675-401D-9432-5A1D8175BED3}.Ad-Hoc|x86.ActiveCfg = Ad-Hoc|iPhone
		{9D8D8694-A675-401D-9432-5A1D8175BED3}.AppStore|Any CPU.ActiveCfg = AppStore|iPhone
		{9D8D8694-A675-401D-9432-5A1D8175BED3}.AppStore|ARM.ActiveCfg = AppStore|iPhone
		{9D8D8694-A675-401D-9432-5A1D8175BED3}.AppStore|iPhone.ActiveCfg = AppStore|iPhone
		{9D8D8694-A675-401D-9432-5A1D8175BED3}.AppStore|iPhone.Build.0 = AppStore|iPhone
		{9D8D8694-A675-401D-9432-5A1D8175BED3}.AppStore|iPhoneSimulator.ActiveCfg = AppStore|iPhoneSimulator
		{9D8D8694-A675-401D-9432-5A1D8175BED3}.AppStore|iPhoneSimulator.Build.0 = AppStore|iPhoneSimulator
		{9D8D8694-A675-401D-9432-5A1D8175BED3}.AppStore|Mixed Platforms.ActiveCfg = AppStore|iPhone
		{9D8D8694-A675-401D-9432-5A1D8175BED3}.AppStore|Mixed Platforms.Build.0 = AppStore|iPhone
		{9D8D8694-A675-401D-9432-5A1D8175BED3}.AppStore|x64.ActiveCfg = AppStore|iPhone
		{9D8D8694-A675-401D-9432-5A1D8175BED3}.AppStore|x86.ActiveCfg = AppStore|iPhone
		{9D8D8694-A675-401D-9432-5A1D8175BED3}.Debug|Any CPU.ActiveCfg = Debug|iPhone
		{9D8D8694-A675-401D-9432-5A1D8175BED3}.Debug|Any CPU.Build.0 = Debug|iPhone
		{9D8D8694-A675-401D-9432-5A1D8175BED3}.Debug|ARM.ActiveCfg = Debug|iPhone
		{9D8D8694-A675-401D-9432-5A1D8175BED3}.Debug|iPhone.ActiveCfg = Debug|iPhone
		{9D8D8694-A675-401D-9432-5A1D8175BED3}.Debug|iPhone.Build.0 = Debug|iPhone
		{9D8D8694-A675-401D-9432-5A1D8175BED3}.Debug|iPhoneSimulator.ActiveCfg = Debug|iPhoneSimulator
		{9D8D8694-A675-401D-9432-5A1D8175BED3}.Debug|iPhoneSimulator.Build.0 = Debug|iPhoneSimulator
		{9D8D8694-A675-401D-9432-5A1D8175BED3}.Debug|Mixed Platforms.ActiveCfg = Debug|iPhone
		{9D8D8694-A675-401D-9432-5A1D8175BED3}.Debug|Mixed Platforms.Build.0 = Debug|iPhone
		{9D8D8694-A675-401D-9432-5A1D8175BED3}.Debug|x64.ActiveCfg = Debug|iPhone
		{9D8D8694-A675-401D-9432-5A1D8175BED3}.Debug|x86.ActiveCfg = Debug|iPhone
		{9D8D8694-A675-401D-9432-5A1D8175BED3}.Release|Any CPU.ActiveCfg = Release|iPhone
		{9D8D8694-A675-401D-9432-5A1D8175BED3}.Release|ARM.ActiveCfg = Release|iPhone
		{9D8D8694-A675-401D-9432-5A1D8175BED3}.Release|iPhone.ActiveCfg = Release|iPhone
		{9D8D8694-A675-401D-9432-5A1D8175BED3}.Release|iPhone.Build.0 = Release|iPhone
		{9D8D8694-A675-401D-9432-5A1D8175BED3}.Release|iPhoneSimulator.ActiveCfg = Release|iPhoneSimulator
		{9D8D8694-A675-401D-9432-5A1D8175BED3}.Release|iPhoneSimulator.Build.0 = Release|iPhoneSimulator
		{9D8D8694-A675-401D-9432-5A1D8175BED3}.Release|Mixed Platforms.ActiveCfg = Release|iPhone
		{9D8D8694-A675-401D-9432-5A1D8175BED3}.Release|Mixed Platforms.Build.0 = Release|iPhone
		{9D8D8694-A675-401D-9432-5A1D8175BED3}.Release|x64.ActiveCfg = Release|iPhone
		{9D8D8694-A675-401D-9432-5A1D8175BED3}.Release|x86.ActiveCfg = Release|iPhone
		{AC8B8877-5425-4E8D-A849-22E9FBEFC6B2}.Ad-Hoc|Any CPU.ActiveCfg = Release|Any CPU
		{AC8B8877-5425-4E8D-A849-22E9FBEFC6B2}.Ad-Hoc|Any CPU.Build.0 = Release|Any CPU
		{AC8B8877-5425-4E8D-A849-22E9FBEFC6B2}.Ad-Hoc|Any CPU.Deploy.0 = Release|Any CPU
		{AC8B8877-5425-4E8D-A849-22E9FBEFC6B2}.Ad-Hoc|ARM.ActiveCfg = Release|Any CPU
		{AC8B8877-5425-4E8D-A849-22E9FBEFC6B2}.Ad-Hoc|iPhone.ActiveCfg = Release|Any CPU
		{AC8B8877-5425-4E8D-A849-22E9FBEFC6B2}.Ad-Hoc|iPhoneSimulator.ActiveCfg = Release|Any CPU
		{AC8B8877-5425-4E8D-A849-22E9FBEFC6B2}.Ad-Hoc|Mixed Platforms.ActiveCfg = Release|Any CPU
		{AC8B8877-5425-4E8D-A849-22E9FBEFC6B2}.Ad-Hoc|Mixed Platforms.Build.0 = Release|Any CPU
		{AC8B8877-5425-4E8D-A849-22E9FBEFC6B2}.Ad-Hoc|Mixed Platforms.Deploy.0 = Release|Any CPU
		{AC8B8877-5425-4E8D-A849-22E9FBEFC6B2}.Ad-Hoc|x64.ActiveCfg = Release|Any CPU
		{AC8B8877-5425-4E8D-A849-22E9FBEFC6B2}.Ad-Hoc|x86.ActiveCfg = Release|Any CPU
		{AC8B8877-5425-4E8D-A849-22E9FBEFC6B2}.AppStore|Any CPU.ActiveCfg = Release|Any CPU
		{AC8B8877-5425-4E8D-A849-22E9FBEFC6B2}.AppStore|Any CPU.Build.0 = Release|Any CPU
		{AC8B8877-5425-4E8D-A849-22E9FBEFC6B2}.AppStore|Any CPU.Deploy.0 = Release|Any CPU
		{AC8B8877-5425-4E8D-A849-22E9FBEFC6B2}.AppStore|ARM.ActiveCfg = Release|Any CPU
		{AC8B8877-5425-4E8D-A849-22E9FBEFC6B2}.AppStore|iPhone.ActiveCfg = Release|Any CPU
		{AC8B8877-5425-4E8D-A849-22E9FBEFC6B2}.AppStore|iPhoneSimulator.ActiveCfg = Release|Any CPU
		{AC8B8877-5425-4E8D-A849-22E9FBEFC6B2}.AppStore|Mixed Platforms.ActiveCfg = Release|Any CPU
		{AC8B8877-5425-4E8D-A849-22E9FBEFC6B2}.AppStore|Mixed Platforms.Build.0 = Release|Any CPU
		{AC8B8877-5425-4E8D-A849-22E9FBEFC6B2}.AppStore|Mixed Platforms.Deploy.0 = Release|Any CPU
		{AC8B8877-5425-4E8D-A849-22E9FBEFC6B2}.AppStore|x64.ActiveCfg = Release|Any CPU
		{AC8B8877-5425-4E8D-A849-22E9FBEFC6B2}.AppStore|x86.ActiveCfg = Release|Any CPU
		{AC8B8877-5425-4E8D-A849-22E9FBEFC6B2}.Debug|Any CPU.ActiveCfg = Debug|Any CPU
		{AC8B8877-5425-4E8D-A849-22E9FBEFC6B2}.Debug|Any CPU.Build.0 = Debug|Any CPU
		{AC8B8877-5425-4E8D-A849-22E9FBEFC6B2}.Debug|Any CPU.Deploy.0 = Debug|Any CPU
		{AC8B8877-5425-4E8D-A849-22E9FBEFC6B2}.Debug|ARM.ActiveCfg = Debug|Any CPU
		{AC8B8877-5425-4E8D-A849-22E9FBEFC6B2}.Debug|iPhone.ActiveCfg = Debug|Any CPU
		{AC8B8877-5425-4E8D-A849-22E9FBEFC6B2}.Debug|iPhoneSimulator.ActiveCfg = Debug|Any CPU
		{AC8B8877-5425-4E8D-A849-22E9FBEFC6B2}.Debug|Mixed Platforms.ActiveCfg = Debug|Any CPU
		{AC8B8877-5425-4E8D-A849-22E9FBEFC6B2}.Debug|Mixed Platforms.Build.0 = Debug|Any CPU
		{AC8B8877-5425-4E8D-A849-22E9FBEFC6B2}.Debug|Mixed Platforms.Deploy.0 = Debug|Any CPU
		{AC8B8877-5425-4E8D-A849-22E9FBEFC6B2}.Debug|x64.ActiveCfg = Debug|Any CPU
		{AC8B8877-5425-4E8D-A849-22E9FBEFC6B2}.Debug|x86.ActiveCfg = Debug|Any CPU
		{AC8B8877-5425-4E8D-A849-22E9FBEFC6B2}.Release|Any CPU.ActiveCfg = Release|Any CPU
		{AC8B8877-5425-4E8D-A849-22E9FBEFC6B2}.Release|Any CPU.Build.0 = Release|Any CPU
		{AC8B8877-5425-4E8D-A849-22E9FBEFC6B2}.Release|Any CPU.Deploy.0 = Release|Any CPU
		{AC8B8877-5425-4E8D-A849-22E9FBEFC6B2}.Release|ARM.ActiveCfg = Release|Any CPU
		{AC8B8877-5425-4E8D-A849-22E9FBEFC6B2}.Release|iPhone.ActiveCfg = Release|Any CPU
		{AC8B8877-5425-4E8D-A849-22E9FBEFC6B2}.Release|iPhoneSimulator.ActiveCfg = Release|Any CPU
		{AC8B8877-5425-4E8D-A849-22E9FBEFC6B2}.Release|Mixed Platforms.ActiveCfg = Release|Any CPU
		{AC8B8877-5425-4E8D-A849-22E9FBEFC6B2}.Release|Mixed Platforms.Build.0 = Release|Any CPU
		{AC8B8877-5425-4E8D-A849-22E9FBEFC6B2}.Release|Mixed Platforms.Deploy.0 = Release|Any CPU
		{AC8B8877-5425-4E8D-A849-22E9FBEFC6B2}.Release|x64.ActiveCfg = Release|Any CPU
		{AC8B8877-5425-4E8D-A849-22E9FBEFC6B2}.Release|x86.ActiveCfg = Release|Any CPU
		{64502533-F006-4F56-BB7F-315E092765AB}.Ad-Hoc|Any CPU.ActiveCfg = Release|Any CPU
		{64502533-F006-4F56-BB7F-315E092765AB}.Ad-Hoc|Any CPU.Build.0 = Release|Any CPU
		{64502533-F006-4F56-BB7F-315E092765AB}.Ad-Hoc|ARM.ActiveCfg = Release|Any CPU
		{64502533-F006-4F56-BB7F-315E092765AB}.Ad-Hoc|iPhone.ActiveCfg = Release|Any CPU
		{64502533-F006-4F56-BB7F-315E092765AB}.Ad-Hoc|iPhoneSimulator.ActiveCfg = Release|Any CPU
		{64502533-F006-4F56-BB7F-315E092765AB}.Ad-Hoc|Mixed Platforms.ActiveCfg = Release|Any CPU
		{64502533-F006-4F56-BB7F-315E092765AB}.Ad-Hoc|Mixed Platforms.Build.0 = Release|Any CPU
		{64502533-F006-4F56-BB7F-315E092765AB}.Ad-Hoc|x64.ActiveCfg = Release|Any CPU
		{64502533-F006-4F56-BB7F-315E092765AB}.Ad-Hoc|x86.ActiveCfg = Release|Any CPU
		{64502533-F006-4F56-BB7F-315E092765AB}.AppStore|Any CPU.ActiveCfg = Release|Any CPU
		{64502533-F006-4F56-BB7F-315E092765AB}.AppStore|Any CPU.Build.0 = Release|Any CPU
		{64502533-F006-4F56-BB7F-315E092765AB}.AppStore|ARM.ActiveCfg = Release|Any CPU
		{64502533-F006-4F56-BB7F-315E092765AB}.AppStore|iPhone.ActiveCfg = Release|Any CPU
		{64502533-F006-4F56-BB7F-315E092765AB}.AppStore|iPhoneSimulator.ActiveCfg = Release|Any CPU
		{64502533-F006-4F56-BB7F-315E092765AB}.AppStore|Mixed Platforms.ActiveCfg = Release|Any CPU
		{64502533-F006-4F56-BB7F-315E092765AB}.AppStore|Mixed Platforms.Build.0 = Release|Any CPU
		{64502533-F006-4F56-BB7F-315E092765AB}.AppStore|x64.ActiveCfg = Release|Any CPU
		{64502533-F006-4F56-BB7F-315E092765AB}.AppStore|x86.ActiveCfg = Release|Any CPU
		{64502533-F006-4F56-BB7F-315E092765AB}.Debug|Any CPU.ActiveCfg = Debug|Any CPU
		{64502533-F006-4F56-BB7F-315E092765AB}.Debug|Any CPU.Build.0 = Debug|Any CPU
		{64502533-F006-4F56-BB7F-315E092765AB}.Debug|ARM.ActiveCfg = Debug|Any CPU
		{64502533-F006-4F56-BB7F-315E092765AB}.Debug|iPhone.ActiveCfg = Debug|Any CPU
		{64502533-F006-4F56-BB7F-315E092765AB}.Debug|iPhoneSimulator.ActiveCfg = Debug|Any CPU
		{64502533-F006-4F56-BB7F-315E092765AB}.Debug|Mixed Platforms.ActiveCfg = Debug|Any CPU
		{64502533-F006-4F56-BB7F-315E092765AB}.Debug|Mixed Platforms.Build.0 = Debug|Any CPU
		{64502533-F006-4F56-BB7F-315E092765AB}.Debug|x64.ActiveCfg = Debug|Any CPU
		{64502533-F006-4F56-BB7F-315E092765AB}.Debug|x86.ActiveCfg = Debug|Any CPU
		{64502533-F006-4F56-BB7F-315E092765AB}.Release|Any CPU.ActiveCfg = Release|Any CPU
		{64502533-F006-4F56-BB7F-315E092765AB}.Release|Any CPU.Build.0 = Release|Any CPU
		{64502533-F006-4F56-BB7F-315E092765AB}.Release|ARM.ActiveCfg = Release|Any CPU
		{64502533-F006-4F56-BB7F-315E092765AB}.Release|iPhone.ActiveCfg = Release|Any CPU
		{64502533-F006-4F56-BB7F-315E092765AB}.Release|iPhoneSimulator.ActiveCfg = Release|Any CPU
		{64502533-F006-4F56-BB7F-315E092765AB}.Release|Mixed Platforms.ActiveCfg = Release|Any CPU
		{64502533-F006-4F56-BB7F-315E092765AB}.Release|Mixed Platforms.Build.0 = Release|Any CPU
		{64502533-F006-4F56-BB7F-315E092765AB}.Release|x64.ActiveCfg = Release|Any CPU
		{64502533-F006-4F56-BB7F-315E092765AB}.Release|x86.ActiveCfg = Release|Any CPU
		{0C4F100A-5E98-4E09-9925-C497A3268F96}.Ad-Hoc|Any CPU.ActiveCfg = Release|Any CPU
		{0C4F100A-5E98-4E09-9925-C497A3268F96}.Ad-Hoc|Any CPU.Build.0 = Release|Any CPU
		{0C4F100A-5E98-4E09-9925-C497A3268F96}.Ad-Hoc|ARM.ActiveCfg = Release|Any CPU
		{0C4F100A-5E98-4E09-9925-C497A3268F96}.Ad-Hoc|iPhone.ActiveCfg = Release|Any CPU
		{0C4F100A-5E98-4E09-9925-C497A3268F96}.Ad-Hoc|iPhoneSimulator.ActiveCfg = Release|Any CPU
		{0C4F100A-5E98-4E09-9925-C497A3268F96}.Ad-Hoc|Mixed Platforms.ActiveCfg = Release|Any CPU
		{0C4F100A-5E98-4E09-9925-C497A3268F96}.Ad-Hoc|Mixed Platforms.Build.0 = Release|Any CPU
		{0C4F100A-5E98-4E09-9925-C497A3268F96}.Ad-Hoc|x64.ActiveCfg = Release|Any CPU
		{0C4F100A-5E98-4E09-9925-C497A3268F96}.Ad-Hoc|x86.ActiveCfg = Release|Any CPU
		{0C4F100A-5E98-4E09-9925-C497A3268F96}.AppStore|Any CPU.ActiveCfg = Release|Any CPU
		{0C4F100A-5E98-4E09-9925-C497A3268F96}.AppStore|Any CPU.Build.0 = Release|Any CPU
		{0C4F100A-5E98-4E09-9925-C497A3268F96}.AppStore|ARM.ActiveCfg = Release|Any CPU
		{0C4F100A-5E98-4E09-9925-C497A3268F96}.AppStore|iPhone.ActiveCfg = Release|Any CPU
		{0C4F100A-5E98-4E09-9925-C497A3268F96}.AppStore|iPhoneSimulator.ActiveCfg = Release|Any CPU
		{0C4F100A-5E98-4E09-9925-C497A3268F96}.AppStore|Mixed Platforms.ActiveCfg = Release|Any CPU
		{0C4F100A-5E98-4E09-9925-C497A3268F96}.AppStore|Mixed Platforms.Build.0 = Release|Any CPU
		{0C4F100A-5E98-4E09-9925-C497A3268F96}.AppStore|x64.ActiveCfg = Release|Any CPU
		{0C4F100A-5E98-4E09-9925-C497A3268F96}.AppStore|x86.ActiveCfg = Release|Any CPU
		{0C4F100A-5E98-4E09-9925-C497A3268F96}.Debug|Any CPU.ActiveCfg = Debug|Any CPU
		{0C4F100A-5E98-4E09-9925-C497A3268F96}.Debug|Any CPU.Build.0 = Debug|Any CPU
		{0C4F100A-5E98-4E09-9925-C497A3268F96}.Debug|ARM.ActiveCfg = Debug|Any CPU
		{0C4F100A-5E98-4E09-9925-C497A3268F96}.Debug|iPhone.ActiveCfg = Debug|Any CPU
		{0C4F100A-5E98-4E09-9925-C497A3268F96}.Debug|iPhoneSimulator.ActiveCfg = Debug|Any CPU
		{0C4F100A-5E98-4E09-9925-C497A3268F96}.Debug|Mixed Platforms.ActiveCfg = Debug|Any CPU
		{0C4F100A-5E98-4E09-9925-C497A3268F96}.Debug|Mixed Platforms.Build.0 = Debug|Any CPU
		{0C4F100A-5E98-4E09-9925-C497A3268F96}.Debug|x64.ActiveCfg = Debug|Any CPU
		{0C4F100A-5E98-4E09-9925-C497A3268F96}.Debug|x86.ActiveCfg = Debug|Any CPU
		{0C4F100A-5E98-4E09-9925-C497A3268F96}.Release|Any CPU.ActiveCfg = Release|Any CPU
		{0C4F100A-5E98-4E09-9925-C497A3268F96}.Release|Any CPU.Build.0 = Release|Any CPU
		{0C4F100A-5E98-4E09-9925-C497A3268F96}.Release|ARM.ActiveCfg = Release|Any CPU
		{0C4F100A-5E98-4E09-9925-C497A3268F96}.Release|iPhone.ActiveCfg = Release|Any CPU
		{0C4F100A-5E98-4E09-9925-C497A3268F96}.Release|iPhoneSimulator.ActiveCfg = Release|Any CPU
		{0C4F100A-5E98-4E09-9925-C497A3268F96}.Release|Mixed Platforms.ActiveCfg = Release|Any CPU
		{0C4F100A-5E98-4E09-9925-C497A3268F96}.Release|Mixed Platforms.Build.0 = Release|Any CPU
		{0C4F100A-5E98-4E09-9925-C497A3268F96}.Release|x64.ActiveCfg = Release|Any CPU
		{0C4F100A-5E98-4E09-9925-C497A3268F96}.Release|x86.ActiveCfg = Release|Any CPU
	EndGlobalSection
	GlobalSection(SolutionProperties) = preSolution
		HideSolutionNode = FALSE
	EndGlobalSection
	GlobalSection(NestedProjects) = preSolution
		{D8E9A440-AB3C-414B-A887-D86A4E9E6380} = {036E60CE-E20D-44E4-AD71-7F783AE37BDF}
		{16D2B737-BCA0-41A8-BB09-E4B2FD9EAD3C} = {036E60CE-E20D-44E4-AD71-7F783AE37BDF}
		{A3CF5709-7F91-4B1C-9900-E9DD165F17B5} = {036E60CE-E20D-44E4-AD71-7F783AE37BDF}
		{4625E114-FDBA-4E2D-9246-63E86785A138} = {036E60CE-E20D-44E4-AD71-7F783AE37BDF}
		{E0E2EE10-F2B7-40A3-892F-C277B4EDFA1A} = {036E60CE-E20D-44E4-AD71-7F783AE37BDF}
		{341179B9-9117-4A63-8D5A-6336C168698D} = {FFFB4FEB-5E74-48AB-B83A-BACF877551C3}
		{3578BB31-C613-4A18-BA44-F44B140E0976} = {FFFB4FEB-5E74-48AB-B83A-BACF877551C3}
		{9D8D8694-A675-401D-9432-5A1D8175BED3} = {FFFB4FEB-5E74-48AB-B83A-BACF877551C3}
		{AC8B8877-5425-4E8D-A849-22E9FBEFC6B2} = {FFFB4FEB-5E74-48AB-B83A-BACF877551C3}
	EndGlobalSection
EndGlobal
